
Microsoft Visual Studio Solution File, Format Version 12.00
# Visual Studio Version 17
VisualStudioVersion = 17.4.33213.308
MinimumVisualStudioVersion = 10.0.40219.1
Project("{FAE04EC0-301F-11D3-BF4B-00C04F79EFBC}") = "CvMaker.API", "CvMaker.API\CvMaker.API.csproj", "{9CF43DDC-3A11-4426-8DEF-E5E1AEC895E4}"
EndProject
Project("{FAE04EC0-301F-11D3-BF4B-00C04F79EFBC}") = "CvMaker.Models", "CvMaker.Models\CvMaker.Models.csproj", "{1B9ADBBA-F591-4E49-8752-3E8E90A5F271}"
EndProject
Project("{FAE04EC0-301F-11D3-BF4B-00C04F79EFBC}") = "CvMaker.Common", "CvMaker.Common\CvMaker.Common.csproj", "{BD471FF7-01BF-4DF7-9A50-FA78D6AA91A8}"
EndProject
Global
	GlobalSection(SolutionConfigurationPlatforms) = preSolution
		Debug|Any CPU = Debug|Any CPU
		Release|Any CPU = Release|Any CPU
	EndGlobalSection
	GlobalSection(ProjectConfigurationPlatforms) = postSolution
		{9CF43DDC-3A11-4426-8DEF-E5E1AEC895E4}.Debug|Any CPU.ActiveCfg = Debug|Any CPU
		{9CF43DDC-3A11-4426-8DEF-E5E1AEC895E4}.Debug|Any CPU.Build.0 = Debug|Any CPU
		{9CF43DDC-3A11-4426-8DEF-E5E1AEC895E4}.Release|Any CPU.ActiveCfg = Release|Any CPU
		{9CF43DDC-3A11-4426-8DEF-E5E1AEC895E4}.Release|Any CPU.Build.0 = Release|Any CPU
		{1B9ADBBA-F591-4E49-8752-3E8E90A5F271}.Debug|Any CPU.ActiveCfg = Debug|Any CPU
		{1B9ADBBA-F591-4E49-8752-3E8E90A5F271}.Debug|Any CPU.Build.0 = Debug|Any CPU
		{1B9ADBBA-F591-4E49-8752-3E8E90A5F271}.Release|Any CPU.ActiveCfg = Release|Any CPU
		{1B9ADBBA-F591-4E49-8752-3E8E90A5F271}.Release|Any CPU.Build.0 = Release|Any CPU
		{BD471FF7-01BF-4DF7-9A50-FA78D6AA91A8}.Debug|Any CPU.ActiveCfg = Debug|Any CPU
		{BD471FF7-01BF-4DF7-9A50-FA78D6AA91A8}.Debug|Any CPU.Build.0 = Debug|Any CPU
		{BD471FF7-01BF-4DF7-9A50-FA78D6AA91A8}.Release|Any CPU.ActiveCfg = Release|Any CPU
		{BD471FF7-01BF-4DF7-9A50-FA78D6AA91A8}.Release|Any CPU.Build.0 = Release|Any CPU
	EndGlobalSection
	GlobalSection(SolutionProperties) = preSolution
		HideSolutionNode = FALSE
	EndGlobalSection
	GlobalSection(ExtensibilityGlobals) = postSolution
		SolutionGuid = {9DBE73CA-0F38-4AF5-BD2D-EDEDFD8BBAB8}
	EndGlobalSection
EndGlobal
